
Microsoft Visual Studio Solution File, Format Version 12.00
# Visual Studio Version 17
VisualStudioVersion = 17.14.36623.8 d17.14
MinimumVisualStudioVersion = 10.0.40219.1
Project("{FAE04EC0-301F-11D3-BF4B-00C04F79EFBC}") = "Swap Two Integers", "Swap Two Integers.csproj", "{CB5E2F73-28A9-4C3D-9DC4-A09BB3525FEE}"
EndProject
Global
	GlobalSection(SolutionConfigurationPlatforms) = preSolution
		Debug|Any CPU = Debug|Any CPU
		Release|Any CPU = Release|Any CPU
	EndGlobalSection
	GlobalSection(ProjectConfigurationPlatforms) = postSolution
		{CB5E2F73-28A9-4C3D-9DC4-A09BB3525FEE}.Debug|Any CPU.ActiveCfg = Debug|Any CPU
		{CB5E2F73-28A9-4C3D-9DC4-A09BB3525FEE}.Debug|Any CPU.Build.0 = Debug|Any CPU
		{CB5E2F73-28A9-4C3D-9DC4-A09BB3525FEE}.Release|Any CPU.ActiveCfg = Release|Any CPU
		{CB5E2F73-28A9-4C3D-9DC4-A09BB3525FEE}.Release|Any CPU.Build.0 = Release|Any CPU
	EndGlobalSection
	GlobalSection(SolutionProperties) = preSolution
		HideSolutionNode = FALSE
	EndGlobalSection
	GlobalSection(ExtensibilityGlobals) = postSolution
		SolutionGuid = {EDF52484-2C1C-4D62-A1A0-461A1167C70D}
	EndGlobalSection
EndGlobal
